
Microsoft Visual Studio Solution File, Format Version 12.00
# Visual Studio Version 16
VisualStudioVersion = 16.0.32510.428
MinimumVisualStudioVersion = 10.0.40219.1
Project("{FAE04EC0-301F-11D3-BF4B-00C04F79EFBC}") = "OTAPackageGenerate", "APPLoader\OTAPackageGenerate\OTAPackageGenerate.csproj", "{C7BC7C06-0984-4CC0-A2DE-CF4BD4E048D8}"
EndProject
Project("{FAE04EC0-301F-11D3-BF4B-00C04F79EFBC}") = "App_Loader", "APPLoader\APP_Loader\App_Loader.csproj", "{F7ED0443-8C2F-4F89-9295-1E55A7CD95D7}"
EndProject
Project("{FAE04EC0-301F-11D3-BF4B-00C04F79EFBC}") = "self_updater", "APPLoader\self_updater\self_updater.csproj", "{BDE91888-F33B-4310-9E83-6875129CD379}"
EndProject
Global
	GlobalSection(SolutionConfigurationPlatforms) = preSolution
		Debug|Any CPU = Debug|Any CPU
		Release|Any CPU = Release|Any CPU
	EndGlobalSection
	GlobalSection(ProjectConfigurationPlatforms) = postSolution
		{C7BC7C06-0984-4CC0-A2DE-CF4BD4E048D8}.Debug|Any CPU.ActiveCfg = Debug|Any CPU
		{C7BC7C06-0984-4CC0-A2DE-CF4BD4E048D8}.Debug|Any CPU.Build.0 = Debug|Any CPU
		{C7BC7C06-0984-4CC0-A2DE-CF4BD4E048D8}.Release|Any CPU.ActiveCfg = Release|Any CPU
		{C7BC7C06-0984-4CC0-A2DE-CF4BD4E048D8}.Release|Any CPU.Build.0 = Release|Any CPU
		{F7ED0443-8C2F-4F89-9295-1E55A7CD95D7}.Debug|Any CPU.ActiveCfg = Debug|Any CPU
		{F7ED0443-8C2F-4F89-9295-1E55A7CD95D7}.Debug|Any CPU.Build.0 = Debug|Any CPU
		{F7ED0443-8C2F-4F89-9295-1E55A7CD95D7}.Release|Any CPU.ActiveCfg = Release|Any CPU
		{F7ED0443-8C2F-4F89-9295-1E55A7CD95D7}.Release|Any CPU.Build.0 = Release|Any CPU
		{BDE91888-F33B-4310-9E83-6875129CD379}.Debug|Any CPU.ActiveCfg = Debug|Any CPU
		{BDE91888-F33B-4310-9E83-6875129CD379}.Debug|Any CPU.Build.0 = Debug|Any CPU
		{BDE91888-F33B-4310-9E83-6875129CD379}.Release|Any CPU.ActiveCfg = Release|Any CPU
		{BDE91888-F33B-4310-9E83-6875129CD379}.Release|Any CPU.Build.0 = Release|Any CPU
	EndGlobalSection
	GlobalSection(SolutionProperties) = preSolution
		HideSolutionNode = FALSE
	EndGlobalSection
	GlobalSection(ExtensibilityGlobals) = postSolution
		SolutionGuid = {342CF079-2561-4FC9-99C8-0B65FACA9DAB}
	EndGlobalSection
EndGlobal
